
Microsoft Visual Studio Solution File, Format Version 12.00
# Visual Studio Version 17
VisualStudioVersion = 17.3.32922.545
MinimumVisualStudioVersion = 10.0.40219.1
Project("{FAE04EC0-301F-11D3-BF4B-00C04F79EFBC}") = "PairTest", "PairTest\PairTest.csproj", "{7CCBA853-B9BE-427E-BAC5-9E8C081F47DA}"
EndProject
Global
	GlobalSection(SolutionConfigurationPlatforms) = preSolution
		Debug|Any CPU = Debug|Any CPU
		Release|Any CPU = Release|Any CPU
	EndGlobalSection
	GlobalSection(ProjectConfigurationPlatforms) = postSolution
		{7CCBA853-B9BE-427E-BAC5-9E8C081F47DA}.Debug|Any CPU.ActiveCfg = Debug|Any CPU
		{7CCBA853-B9BE-427E-BAC5-9E8C081F47DA}.Debug|Any CPU.Build.0 = Debug|Any CPU
		{7CCBA853-B9BE-427E-BAC5-9E8C081F47DA}.Release|Any CPU.ActiveCfg = Release|Any CPU
		{7CCBA853-B9BE-427E-BAC5-9E8C081F47DA}.Release|Any CPU.Build.0 = Release|Any CPU
	EndGlobalSection
	GlobalSection(SolutionProperties) = preSolution
		HideSolutionNode = FALSE
	EndGlobalSection
	GlobalSection(ExtensibilityGlobals) = postSolution
		SolutionGuid = {0228BEFF-9943-4980-8F60-E1DA711E7D67}
	EndGlobalSection
EndGlobal
